
Microsoft Visual Studio Solution File, Format Version 12.00
# Visual Studio Version 17
VisualStudioVersion = 17.12.35707.178 d17.12
MinimumVisualStudioVersion = 10.0.40219.1
Project("{FAE04EC0-301F-11D3-BF4B-00C04F79EFBC}") = "TRIP.Platform.Service.API", "TRIP.Platform.Service.API.csproj", "{F3B7E0C8-DA0A-41CF-BEDD-203DA934757E}"
EndProject
Project("{FAE04EC0-301F-11D3-BF4B-00C04F79EFBC}") = "TRIP.Platform.Service.Infrastructure", "..\TRIP.Platform.Service.Infrastructure\TRIP.Platform.Service.Infrastructure.csproj", "{FF84F62D-8058-4005-BFD5-EA2CE898780B}"
EndProject
Project("{FAE04EC0-301F-11D3-BF4B-00C04F79EFBC}") = "TRIP.Platform.Service.Core", "..\TRIP.Platform.Service.Core\TRIP.Platform.Service.Core.csproj", "{16B35860-BAEC-42C1-8827-7E90844B8CFA}"
EndProject
Global
	GlobalSection(SolutionConfigurationPlatforms) = preSolution
		Debug|Any CPU = Debug|Any CPU
		Release|Any CPU = Release|Any CPU
	EndGlobalSection
	GlobalSection(ProjectConfigurationPlatforms) = postSolution
		{F3B7E0C8-DA0A-41CF-BEDD-203DA934757E}.Debug|Any CPU.ActiveCfg = Debug|Any CPU
		{F3B7E0C8-DA0A-41CF-BEDD-203DA934757E}.Debug|Any CPU.Build.0 = Debug|Any CPU
		{F3B7E0C8-DA0A-41CF-BEDD-203DA934757E}.Release|Any CPU.ActiveCfg = Release|Any CPU
		{F3B7E0C8-DA0A-41CF-BEDD-203DA934757E}.Release|Any CPU.Build.0 = Release|Any CPU
		{FF84F62D-8058-4005-BFD5-EA2CE898780B}.Debug|Any CPU.ActiveCfg = Debug|Any CPU
		{FF84F62D-8058-4005-BFD5-EA2CE898780B}.Debug|Any CPU.Build.0 = Debug|Any CPU
		{FF84F62D-8058-4005-BFD5-EA2CE898780B}.Release|Any CPU.ActiveCfg = Release|Any CPU
		{FF84F62D-8058-4005-BFD5-EA2CE898780B}.Release|Any CPU.Build.0 = Release|Any CPU
		{16B35860-BAEC-42C1-8827-7E90844B8CFA}.Debug|Any CPU.ActiveCfg = Debug|Any CPU
		{16B35860-BAEC-42C1-8827-7E90844B8CFA}.Debug|Any CPU.Build.0 = Debug|Any CPU
		{16B35860-BAEC-42C1-8827-7E90844B8CFA}.Release|Any CPU.ActiveCfg = Release|Any CPU
		{16B35860-BAEC-42C1-8827-7E90844B8CFA}.Release|Any CPU.Build.0 = Release|Any CPU
	EndGlobalSection
	GlobalSection(SolutionProperties) = preSolution
		HideSolutionNode = FALSE
	EndGlobalSection
EndGlobal
